
Microsoft Visual Studio Solution File, Format Version 12.00
# Visual Studio Version 17
VisualStudioVersion = 17.9.34607.119
MinimumVisualStudioVersion = 10.0.40219.1
Project("{9A19103F-16F7-4668-BE54-9A1E7A4F7556}") = "SharedLogic", "SharedLogic\SharedLogic.csproj", "{421F8819-4122-4F5E-9B5F-62D361BBB964}"
EndProject
Project("{9A19103F-16F7-4668-BE54-9A1E7A4F7556}") = "SharedLogicServer", "SharedLogicServer\SharedLogicServer.csproj", "{64D997FA-2A59-4E52-87AB-F424A82A935F}"
EndProject
Project("{9A19103F-16F7-4668-BE54-9A1E7A4F7556}") = "SpecificGamePlugin", "SpecificGamePlugin\SpecificGamePlugin.csproj", "{76E735F4-E5BE-4393-AB8E-7BD9070B37D9}"
EndProject
Project("{9A19103F-16F7-4668-BE54-9A1E7A4F7556}") = "Benchmark", "Benchmark\Benchmark.csproj", "{9CC6F831-DA07-4423-A20A-3A3B3358D7D6}"
EndProject
Project("{2150E333-8FDC-42A3-9474-1A3956D46DE8}") = "docs", "docs", "{66034CF3-4A4A-46A2-97B1-8E98C43CA2CC}"
	ProjectSection(SolutionItems) = preProject
		docs\index.md = docs\index.md
		SharedLogicCore.puml = SharedLogicCore.puml
		CommandExecution.puml = CommandExecution.puml
		SpecificGamePlugin.puml = SpecificGamePlugin.puml
		docs\submodule.md = docs\submodule.md
	EndProjectSection
EndProject
Global
	GlobalSection(SolutionConfigurationPlatforms) = preSolution
		Debug|Any CPU = Debug|Any CPU
		Release|Any CPU = Release|Any CPU
	EndGlobalSection
	GlobalSection(ProjectConfigurationPlatforms) = postSolution
		{421F8819-4122-4F5E-9B5F-62D361BBB964}.Debug|Any CPU.ActiveCfg = Debug|Any CPU
		{421F8819-4122-4F5E-9B5F-62D361BBB964}.Debug|Any CPU.Build.0 = Debug|Any CPU
		{421F8819-4122-4F5E-9B5F-62D361BBB964}.Release|Any CPU.ActiveCfg = Release|Any CPU
		{421F8819-4122-4F5E-9B5F-62D361BBB964}.Release|Any CPU.Build.0 = Release|Any CPU
		{64D997FA-2A59-4E52-87AB-F424A82A935F}.Debug|Any CPU.ActiveCfg = Debug|Any CPU
		{64D997FA-2A59-4E52-87AB-F424A82A935F}.Debug|Any CPU.Build.0 = Debug|Any CPU
		{64D997FA-2A59-4E52-87AB-F424A82A935F}.Release|Any CPU.ActiveCfg = Release|Any CPU
		{64D997FA-2A59-4E52-87AB-F424A82A935F}.Release|Any CPU.Build.0 = Release|Any CPU
		{76E735F4-E5BE-4393-AB8E-7BD9070B37D9}.Debug|Any CPU.ActiveCfg = Debug|Any CPU
		{76E735F4-E5BE-4393-AB8E-7BD9070B37D9}.Debug|Any CPU.Build.0 = Debug|Any CPU
		{76E735F4-E5BE-4393-AB8E-7BD9070B37D9}.Release|Any CPU.ActiveCfg = Release|Any CPU
		{76E735F4-E5BE-4393-AB8E-7BD9070B37D9}.Release|Any CPU.Build.0 = Release|Any CPU
		{9CC6F831-DA07-4423-A20A-3A3B3358D7D6}.Debug|Any CPU.ActiveCfg = Debug|Any CPU
		{9CC6F831-DA07-4423-A20A-3A3B3358D7D6}.Debug|Any CPU.Build.0 = Debug|Any CPU
		{9CC6F831-DA07-4423-A20A-3A3B3358D7D6}.Release|Any CPU.ActiveCfg = Release|Any CPU
		{9CC6F831-DA07-4423-A20A-3A3B3358D7D6}.Release|Any CPU.Build.0 = Release|Any CPU
	EndGlobalSection
	GlobalSection(SolutionProperties) = preSolution
		HideSolutionNode = FALSE
	EndGlobalSection
	GlobalSection(ExtensibilityGlobals) = postSolution
		SolutionGuid = {6B14731E-9683-4C96-A881-199F88922916}
	EndGlobalSection
EndGlobal
